// !$*UTF8*$!
{
	archiveVersion = 1;
	classes = {
	};
	objectVersion = 46;
	objects = {

/* Begin PBXBuildFile section */
		CB7673489D09FB1340133514 /* Pods_Pokedex3.framework in Frameworks */ = {isa = PBXBuildFile; fileRef = 19E80AF623ACB7ABAA4CBA07 /* Pods_Pokedex3.framework */; };
		F31713031D971F230077FAF1 /* Constants.swift in Sources */ = {isa = PBXBuildFile; fileRef = F31713021D971F230077FAF1 /* Constants.swift */; };
		F34B7E0D1D943BCD0009520D /* AppDelegate.swift in Sources */ = {isa = PBXBuildFile; fileRef = F34B7E0C1D943BCD0009520D /* AppDelegate.swift */; };
		F34B7E0F1D943BCD0009520D /* ViewController.swift in Sources */ = {isa = PBXBuildFile; fileRef = F34B7E0E1D943BCD0009520D /* ViewController.swift */; };
		F34B7E121D943BCD0009520D /* Main.storyboard in Resources */ = {isa = PBXBuildFile; fileRef = F34B7E101D943BCD0009520D /* Main.storyboard */; };
		F34B7E141D943BCD0009520D /* Assets.xcassets in Resources */ = {isa = PBXBuildFile; fileRef = F34B7E131D943BCD0009520D /* Assets.xcassets */; };
		F34B7E171D943BCD0009520D /* LaunchScreen.storyboard in Resources */ = {isa = PBXBuildFile; fileRef = F34B7E151D943BCD0009520D /* LaunchScreen.storyboard */; };
		F34B7E1F1D9442C00009520D /* pokemon.csv in Resources */ = {isa = PBXBuildFile; fileRef = F34B7E1E1D9442C00009520D /* pokemon.csv */; };
		F34B7E221D9448240009520D /* Pokemon.swift in Sources */ = {isa = PBXBuildFile; fileRef = F34B7E211D9448240009520D /* Pokemon.swift */; };
		F34B7E251D9450260009520D /* PokeCell.swift in Sources */ = {isa = PBXBuildFile; fileRef = F34B7E241D9450260009520D /* PokeCell.swift */; };
		F3A6D2BC1D970A430054F0DB /* PokemonDetailVC.swift in Sources */ = {isa = PBXBuildFile; fileRef = F3A6D2BB1D970A430054F0DB /* PokemonDetailVC.swift */; };
		F3D1F5D41D95CE9E009E7CAD /* pokemon.ttf in Resources */ = {isa = PBXBuildFile; fileRef = F3D1F5D31D95CE9E009E7CAD /* pokemon.ttf */; };
		F3D1F5D91D95D036009E7CAD /* music.mp3 in Resources */ = {isa = PBXBuildFile; fileRef = F3D1F5D81D95D036009E7CAD /* music.mp3 */; };
		F3D8E1F41D95468800F0C5A6 /* csv.swift in Sources */ = {isa = PBXBuildFile; fileRef = F3D8E1F31D95468800F0C5A6 /* csv.swift */; };
/* End PBXBuildFile section */

/* Begin PBXFileReference section */
		19E80AF623ACB7ABAA4CBA07 /* Pods_Pokedex3.framework */ = {isa = PBXFileReference; explicitFileType = wrapper.framework; includeInIndex = 0; path = Pods_Pokedex3.framework; sourceTree = BUILT_PRODUCTS_DIR; };
		42413E37D4F33AD93156D425 /* Pods-Pokedex3.debug.xcconfig */ = {isa = PBXFileReference; includeInIndex = 1; lastKnownFileType = text.xcconfig; name = "Pods-Pokedex3.debug.xcconfig"; path = "Pods/Target Support Files/Pods-Pokedex3/Pods-Pokedex3.debug.xcconfig"; sourceTree = "<group>"; };
		8D176E5F5E53F13BE8184643 /* Pods-Pokedex3.release.xcconfig */ = {isa = PBXFileReference; includeInIndex = 1; lastKnownFileType = text.xcconfig; name = "Pods-Pokedex3.release.xcconfig"; path = "Pods/Target Support Files/Pods-Pokedex3/Pods-Pokedex3.release.xcconfig"; sourceTree = "<group>"; };
		F31713021D971F230077FAF1 /* Constants.swift */ = {isa = PBXFileReference; fileEncoding = 4; lastKnownFileType = sourcecode.swift; path = Constants.swift; sourceTree = "<group>"; };
		F34B7E091D943BCD0009520D /* Pokedex3.app */ = {isa = PBXFileReference; explicitFileType = wrapper.application; includeInIndex = 0; path = Pokedex3.app; sourceTree = BUILT_PRODUCTS_DIR; };
		F34B7E0C1D943BCD0009520D /* AppDelegate.swift */ = {isa = PBXFileReference; lastKnownFileType = sourcecode.swift; path = AppDelegate.swift; sourceTree = "<group>"; };
		F34B7E0E1D943BCD0009520D /* ViewController.swift */ = {isa = PBXFileReference; lastKnownFileType = sourcecode.swift; path = ViewController.swift; sourceTree = "<group>"; };
		F34B7E111D943BCD0009520D /* Base */ = {isa = PBXFileReference; lastKnownFileType = file.storyboard; name = Base; path = Base.lproj/Main.storyboard; sourceTree = "<group>"; };
		F34B7E131D943BCD0009520D /* Assets.xcassets */ = {isa = PBXFileReference; lastKnownFileType = folder.assetcatalog; path = Assets.xcassets; sourceTree = "<group>"; };
		F34B7E161D943BCD0009520D /* Base */ = {isa = PBXFileReference; lastKnownFileType = file.storyboard; name = Base; path = Base.lproj/LaunchScreen.storyboard; sourceTree = "<group>"; };
		F34B7E181D943BCD0009520D /* Info.plist */ = {isa = PBXFileReference; lastKnownFileType = text.plist.xml; path = Info.plist; sourceTree = "<group>"; };
		F34B7E1E1D9442C00009520D /* pokemon.csv */ = {isa = PBXFileReference; fileEncoding = 4; lastKnownFileType = text; path = pokemon.csv; sourceTree = "<group>"; };
		F34B7E211D9448240009520D /* Pokemon.swift */ = {isa = PBXFileReference; fileEncoding = 4; lastKnownFileType = sourcecode.swift; path = Pokemon.swift; sourceTree = "<group>"; };
		F34B7E241D9450260009520D /* PokeCell.swift */ = {isa = PBXFileReference; fileEncoding = 4; lastKnownFileType = sourcecode.swift; path = PokeCell.swift; sourceTree = "<group>"; };
		F3A6D2BB1D970A430054F0DB /* PokemonDetailVC.swift */ = {isa = PBXFileReference; fileEncoding = 4; lastKnownFileType = sourcecode.swift; path = PokemonDetailVC.swift; sourceTree = "<group>"; };
		F3D1F5D31D95CE9E009E7CAD /* pokemon.ttf */ = {isa = PBXFileReference; lastKnownFileType = file; path = pokemon.ttf; sourceTree = "<group>"; };
		F3D1F5D81D95D036009E7CAD /* music.mp3 */ = {isa = PBXFileReference; lastKnownFileType = audio.mp3; path = music.mp3; sourceTree = "<group>"; };
		F3D8E1F31D95468800F0C5A6 /* csv.swift */ = {isa = PBXFileReference; fileEncoding = 4; lastKnownFileType = sourcecode.swift; path = csv.swift; sourceTree = "<group>"; };
/* End PBXFileReference section */

/* Begin PBXFrameworksBuildPhase section */
		F34B7E061D943BCD0009520D /* Frameworks */ = {
			isa = PBXFrameworksBuildPhase;
			buildActionMask = 2147483647;
			files = (
				CB7673489D09FB1340133514 /* Pods_Pokedex3.framework in Frameworks */,
			);
			runOnlyForDeploymentPostprocessing = 0;
		};
/* End PBXFrameworksBuildPhase section */

/* Begin PBXGroup section */
		B899B0E6317B0DD9C67F2B85 /* Pods */ = {
			isa = PBXGroup;
			children = (
				42413E37D4F33AD93156D425 /* Pods-Pokedex3.debug.xcconfig */,
				8D176E5F5E53F13BE8184643 /* Pods-Pokedex3.release.xcconfig */,
			);
			name = Pods;
			sourceTree = "<group>";
		};
		C4EC1972FC58E9C048D2077C /* Frameworks */ = {
			isa = PBXGroup;
			children = (
				19E80AF623ACB7ABAA4CBA07 /* Pods_Pokedex3.framework */,
			);
			name = Frameworks;
			sourceTree = "<group>";
		};
		F34B7E001D943BCD0009520D = {
			isa = PBXGroup;
			children = (
				F34B7E0B1D943BCD0009520D /* Pokedex3 */,
				F34B7E0A1D943BCD0009520D /* Products */,
				B899B0E6317B0DD9C67F2B85 /* Pods */,
				C4EC1972FC58E9C048D2077C /* Frameworks */,
			);
			sourceTree = "<group>";
		};
		F34B7E0A1D943BCD0009520D /* Products */ = {
			isa = PBXGroup;
			children = (
				F34B7E091D943BCD0009520D /* Pokedex3.app */,
			);
			name = Products;
			sourceTree = "<group>";
		};
		F34B7E0B1D943BCD0009520D /* Pokedex3 */ = {
			isa = PBXGroup;
			children = (
				F34B7E201D9448130009520D /* Model */,
				F34B7E231D9450090009520D /* View */,
				F3D1F5D51D95CEB8009E7CAD /* Controller */,
				F34B7E0C1D943BCD0009520D /* AppDelegate.swift */,
				F34B7E101D943BCD0009520D /* Main.storyboard */,
				F34B7E131D943BCD0009520D /* Assets.xcassets */,
				F34B7E151D943BCD0009520D /* LaunchScreen.storyboard */,
				F34B7E181D943BCD0009520D /* Info.plist */,
				F3D1F5D71D95CEDD009E7CAD /* Utilities */,
				F3D1F5D61D95CEC1009E7CAD /* Resources */,
			);
			path = Pokedex3;
			sourceTree = "<group>";
		};
		F34B7E201D9448130009520D /* Model */ = {
			isa = PBXGroup;
			children = (
				F34B7E211D9448240009520D /* Pokemon.swift */,
			);
			name = Model;
			sourceTree = "<group>";
		};
		F34B7E231D9450090009520D /* View */ = {
			isa = PBXGroup;
			children = (
				F34B7E241D9450260009520D /* PokeCell.swift */,
			);
			name = View;
			sourceTree = "<group>";
		};
		F3D1F5D51D95CEB8009E7CAD /* Controller */ = {
			isa = PBXGroup;
			children = (
				F34B7E0E1D943BCD0009520D /* ViewController.swift */,
				F3A6D2BB1D970A430054F0DB /* PokemonDetailVC.swift */,
			);
			name = Controller;
			sourceTree = "<group>";
		};
		F3D1F5D61D95CEC1009E7CAD /* Resources */ = {
			isa = PBXGroup;
			children = (
				F3D1F5D81D95D036009E7CAD /* music.mp3 */,
				F34B7E1E1D9442C00009520D /* pokemon.csv */,
				F3D1F5D31D95CE9E009E7CAD /* pokemon.ttf */,
			);
			name = Resources;
			sourceTree = "<group>";
		};
		F3D1F5D71D95CEDD009E7CAD /* Utilities */ = {
			isa = PBXGroup;
			children = (
				F3D8E1F31D95468800F0C5A6 /* csv.swift */,
				F31713021D971F230077FAF1 /* Constants.swift */,
			);
			name = Utilities;
			sourceTree = "<group>";
		};
/* End PBXGroup section */

/* Begin PBXNativeTarget section */
		F34B7E081D943BCD0009520D /* Pokedex3 */ = {
			isa = PBXNativeTarget;
			buildConfigurationList = F34B7E1B1D943BCD0009520D /* Build configuration list for PBXNativeTarget "Pokedex3" */;
			buildPhases = (
				CCEE36ED9DBD8F95CDA785A1 /* [CP] Check Pods Manifest.lock */,
				F34B7E051D943BCD0009520D /* Sources */,
				F34B7E061D943BCD0009520D /* Frameworks */,
				F34B7E071D943BCD0009520D /* Resources */,
				004F94B1F798406C4A3D8A58 /* [CP] Embed Pods Frameworks */,
				2AF6F081940EC2CCD366D43E /* [CP] Copy Pods Resources */,
			);
			buildRules = (
			);
			dependencies = (
			);
			name = Pokedex3;
			productName = Pokedex3;
			productReference = F34B7E091D943BCD0009520D /* Pokedex3.app */;
			productType = "com.apple.product-type.application";
		};
/* End PBXNativeTarget section */

/* Begin PBXProject section */
		F34B7E011D943BCD0009520D /* Project object */ = {
			isa = PBXProject;
			attributes = {
				LastSwiftUpdateCheck = 0800;
				LastUpgradeCheck = 0800;
				ORGANIZATIONNAME = "Julian Flint Pearce";
				TargetAttributes = {
					F34B7E081D943BCD0009520D = {
						CreatedOnToolsVersion = 8.0;
						DevelopmentTeam = 6P353L5CUQ;
						LastSwiftMigration = 0800;
						ProvisioningStyle = Automatic;
					};
				};
			};
			buildConfigurationList = F34B7E041D943BCD0009520D /* Build configuration list for PBXProject "Pokedex3" */;
			compatibilityVersion = "Xcode 3.2";
			developmentRegion = English;
			hasScannedForEncodings = 0;
			knownRegions = (
				en,
				Base,
			);
			mainGroup = F34B7E001D943BCD0009520D;
			productRefGroup = F34B7E0A1D943BCD0009520D /* Products */;
			projectDirPath = "";
			projectRoot = "";
			targets = (
				F34B7E081D943BCD0009520D /* Pokedex3 */,
			);
		};
/* End PBXProject section */

/* Begin PBXResourcesBuildPhase section */
		F34B7E071D943BCD0009520D /* Resources */ = {
			isa = PBXResourcesBuildPhase;
			buildActionMask = 2147483647;
			files = (
				F3D1F5D41D95CE9E009E7CAD /* pokemon.ttf in Resources */,
				F34B7E171D943BCD0009520D /* LaunchScreen.storyboard in Resources */,
				F3D1F5D91D95D036009E7CAD /* music.mp3 in Resources */,
				F34B7E141D943BCD0009520D /* Assets.xcassets in Resources */,
				F34B7E1F1D9442C00009520D /* pokemon.csv in Resources */,
				F34B7E121D943BCD0009520D /* Main.storyboard in Resources */,
			);
			runOnlyForDeploymentPostprocessing = 0;
		};
/* End PBXResourcesBuildPhase section */

/* Begin PBXShellScriptBuildPhase section */
		004F94B1F798406C4A3D8A58 /* [CP] Embed Pods Frameworks */ = {
			isa = PBXShellScriptBuildPhase;
			buildActionMask = 2147483647;
			files = (
			);
			inputPaths = (
			);
			name = "[CP] Embed Pods Frameworks";
			outputPaths = (
			);
			runOnlyForDeploymentPostprocessing = 0;
			shellPath = /bin/sh;
			shellScript = "\"${SRCROOT}/Pods/Target Support Files/Pods-Pokedex3/Pods-Pokedex3-frameworks.sh\"\n";
			showEnvVarsInLog = 0;
		};
		2AF6F081940EC2CCD366D43E /* [CP] Copy Pods Resources */ = {
			isa = PBXShellScriptBuildPhase;
			buildActionMask = 2147483647;
			files = (
			);
			inputPaths = (
			);
			name = "[CP] Copy Pods Resources";
			outputPaths = (
			);
			runOnlyForDeploymentPostprocessing = 0;
			shellPath = /bin/sh;
			shellScript = "\"${SRCROOT}/Pods/Target Support Files/Pods-Pokedex3/Pods-Pokedex3-resources.sh\"\n";
			showEnvVarsInLog = 0;
		};
		CCEE36ED9DBD8F95CDA785A1 /* [CP] Check Pods Manifest.lock */ = {
			isa = PBXShellScriptBuildPhase;
			buildActionMask = 2147483647;
			files = (
			);
			inputPaths = (
			);
			name = "[CP] Check Pods Manifest.lock";
			outputPaths = (
			);
			runOnlyForDeploymentPostprocessing = 0;
			shellPath = /bin/sh;
			shellScript = "diff \"${PODS_ROOT}/../Podfile.lock\" \"${PODS_ROOT}/Manifest.lock\" > /dev/null\nif [ $? != 0 ] ; then\n    # print error to STDERR\n    echo \"error: The sandbox is not in sync with the Podfile.lock. Run 'pod install' or update your CocoaPods installation.\" >&2\n    exit 1\nfi\n";
			showEnvVarsInLog = 0;
		};
/* End PBXShellScriptBuildPhase section */

/* Begin PBXSourcesBuildPhase section */
		F34B7E051D943BCD0009520D /* Sources */ = {
			isa = PBXSourcesBuildPhase;
			buildActionMask = 2147483647;
			files = (
				F34B7E251D9450260009520D /* PokeCell.swift in Sources */,
				F34B7E0F1D943BCD0009520D /* ViewController.swift in Sources */,
				F34B7E0D1D943BCD0009520D /* AppDelegate.swift in Sources */,
				F3A6D2BC1D970A430054F0DB /* PokemonDetailVC.swift in Sources */,
				F31713031D971F230077FAF1 /* Constants.swift in Sources */,
				F34B7E221D9448240009520D /* Pokemon.swift in Sources */,
				F3D8E1F41D95468800F0C5A6 /* csv.swift in Sources */,
			);
			runOnlyForDeploymentPostprocessing = 0;
		};
/* End PBXSourcesBuildPhase section */

/* Begin PBXVariantGroup section */
		F34B7E101D943BCD0009520D /* Main.storyboard */ = {
			isa = PBXVariantGroup;
			children = (
				F34B7E111D943BCD0009520D /* Base */,
			);
			name = Main.storyboard;
			sourceTree = "<group>";
		};
		F34B7E151D943BCD0009520D /* LaunchScreen.storyboard */ = {
			isa = PBXVariantGroup;
			children = (
				F34B7E161D943BCD0009520D /* Base */,
			);
			name = LaunchScreen.storyboard;
			sourceTree = "<group>";
		};
/* End PBXVariantGroup section */

/* Begin XCBuildConfiguration section */
		F34B7E191D943BCD0009520D /* Debug */ = {
			isa = XCBuildConfiguration;
			buildSettings = {
				ALWAYS_SEARCH_USER_PATHS = NO;
				CLANG_ANALYZER_NONNULL = YES;
				CLANG_CXX_LANGUAGE_STANDARD = "gnu++0x";
				CLANG_CXX_LIBRARY = "libc++";
				CLANG_ENABLE_MODULES = YES;
				CLANG_ENABLE_OBJC_ARC = YES;
				CLANG_WARN_BOOL_CONVERSION = YES;
				CLANG_WARN_CONSTANT_CONVERSION = YES;
				CLANG_WARN_DIRECT_OBJC_ISA_USAGE = YES_ERROR;
				CLANG_WARN_DOCUMENTATION_COMMENTS = YES;
				CLANG_WARN_EMPTY_BODY = YES;
				CLANG_WARN_ENUM_CONVERSION = YES;
				CLANG_WARN_INFINITE_RECURSION = YES;
				CLANG_WARN_INT_CONVERSION = YES;
				CLANG_WARN_OBJC_ROOT_CLASS = YES_ERROR;
				CLANG_WARN_SUSPICIOUS_MOVES = YES;
				CLANG_WARN_UNREACHABLE_CODE = YES;
				CLANG_WARN__DUPLICATE_METHOD_MATCH = YES;
				"CODE_SIGN_IDENTITY[sdk=iphoneos*]" = "iPhone Developer";
				COPY_PHASE_STRIP = NO;
				DEBUG_INFORMATION_FORMAT = dwarf;
				ENABLE_STRICT_OBJC_MSGSEND = YES;
				ENABLE_TESTABILITY = YES;
				GCC_C_LANGUAGE_STANDARD = gnu99;
				GCC_DYNAMIC_NO_PIC = NO;
				GCC_NO_COMMON_BLOCKS = YES;
				GCC_OPTIMIZATION_LEVEL = 0;
				GCC_PREPROCESSOR_DEFINITIONS = (
					"DEBUG=1",
					"$(inherited)",
				);
				GCC_WARN_64_TO_32_BIT_CONVERSION = YES;
				GCC_WARN_ABOUT_RETURN_TYPE = YES_ERROR;
				GCC_WARN_UNDECLARED_SELECTOR = YES;
				GCC_WARN_UNINITIALIZED_AUTOS = YES_AGGRESSIVE;
				GCC_WARN_UNUSED_FUNCTION = YES;
				GCC_WARN_UNUSED_VARIABLE = YES;
				IPHONEOS_DEPLOYMENT_TARGET = 10.0;
				MTL_ENABLE_DEBUG_INFO = YES;
				ONLY_ACTIVE_ARCH = YES;
				SDKROOT = iphoneos;
				SWIFT_ACTIVE_COMPILATION_CONDITIONS = DEBUG;
				SWIFT_OPTIMIZATION_LEVEL = "-Onone";
				TARGETED_DEVICE_FAMILY = "1,2";
			};
			name = Debug;
		};
		F34B7E1A1D943BCD0009520D /* Release */ = {
			isa = XCBuildConfiguration;
			buildSettings = {
				ALWAYS_SEARCH_USER_PATHS = NO;
				CLANG_ANALYZER_NONNULL = YES;
				CLANG_CXX_LANGUAGE_STANDARD = "gnu++0x";
				CLANG_CXX_LIBRARY = "libc++";
				CLANG_ENABLE_MODULES = YES;
				CLANG_ENABLE_OBJC_ARC = YES;
				CLANG_WARN_BOOL_CONVERSION = YES;
				CLANG_WARN_CONSTANT_CONVERSION = YES;
				CLANG_WARN_DIRECT_OBJC_ISA_USAGE = YES_ERROR;
				CLANG_WARN_DOCUMENTATION_COMMENTS = YES;
				CLANG_WARN_EMPTY_BODY = YES;
				CLANG_WARN_ENUM_CONVERSION = YES;
				CLANG_WARN_INFINITE_RECURSION = YES;
				CLANG_WARN_INT_CONVERSION = YES;
				CLANG_WARN_OBJC_ROOT_CLASS = YES_ERROR;
				CLANG_WARN_SUSPICIOUS_MOVES = YES;
				CLANG_WARN_UNREACHABLE_CODE = YES;
				CLANG_WARN__DUPLICATE_METHOD_MATCH = YES;
				"CODE_SIGN_IDENTITY[sdk=iphoneos*]" = "iPhone Developer";
				COPY_PHASE_STRIP = NO;
				DEBUG_INFORMATION_FORMAT = "dwarf-with-dsym";
				ENABLE_NS_ASSERTIONS = NO;
				ENABLE_STRICT_OBJC_MSGSEND = YES;
				GCC_C_LANGUAGE_STANDARD = gnu99;
				GCC_NO_COMMON_BLOCKS = YES;
				GCC_WARN_64_TO_32_BIT_CONVERSION = YES;
				GCC_WARN_ABOUT_RETURN_TYPE = YES_ERROR;
				GCC_WARN_UNDECLARED_SELECTOR = YES;
				GCC_WARN_UNINITIALIZED_AUTOS = YES_AGGRESSIVE;
				GCC_WARN_UNUSED_FUNCTION = YES;
				GCC_WARN_UNUSED_VARIABLE = YES;
				IPHONEOS_DEPLOYMENT_TARGET = 10.0;
				MTL_ENABLE_DEBUG_INFO = NO;
				SDKROOT = iphoneos;
				SWIFT_OPTIMIZATION_LEVEL = "-Owholemodule";
				TARGETED_DEVICE_FAMILY = "1,2";
				VALIDATE_PRODUCT = YES;
			};
			name = Release;
		};
		F34B7E1C1D943BCD0009520D /* Debug */ = {
			isa = XCBuildConfiguration;
			baseConfigurationReference = 42413E37D4F33AD93156D425 /* Pods-Pokedex3.debug.xcconfig */;
			buildSettings = {
				ASSETCATALOG_COMPILER_APPICON_NAME = AppIcon;
				DEVELOPMENT_TEAM = 6P353L5CUQ;
				INFOPLIST_FILE = Pokedex3/Info.plist;
				LD_RUNPATH_SEARCH_PATHS = "$(inherited) @executable_path/Frameworks";
				PRODUCT_BUNDLE_IDENTIFIER = com.flintpearce.Pokedex3;
				PRODUCT_NAME = "$(TARGET_NAME)";
				SWIFT_VERSION = 3.0;
			};
			name = Debug;
		};
		F34B7E1D1D943BCD0009520D /* Release */ = {
			isa = XCBuildConfiguration;
			baseConfigurationReference = 8D176E5F5E53F13BE8184643 /* Pods-Pokedex3.release.xcconfig */;
			buildSettings = {
				ASSETCATALOG_COMPILER_APPICON_NAME = AppIcon;
				DEVELOPMENT_TEAM = 6P353L5CUQ;
				INFOPLIST_FILE = Pokedex3/Info.plist;
				LD_RUNPATH_SEARCH_PATHS = "$(inherited) @executable_path/Frameworks";
				PRODUCT_BUNDLE_IDENTIFIER = com.flintpearce.Pokedex3;
				PRODUCT_NAME = "$(TARGET_NAME)";
				SWIFT_VERSION = 3.0;
			};
			name = Release;
		};
/* End XCBuildConfiguration section */

/* Begin XCConfigurationList section */
		F34B7E041D943BCD0009520D /* Build configuration list for PBXProject "Pokedex3" */ = {
			isa = XCConfigurationList;
			buildConfigurations = (
				F34B7E191D943BCD0009520D /* Debug */,
				F34B7E1A1D943BCD0009520D /* Release */,
			);
			defaultConfigurationIsVisible = 0;
			defaultConfigurationName = Release;
		};
		F34B7E1B1D943BCD0009520D /* Build configuration list for PBXNativeTarget "Pokedex3" */ = {
			isa = XCConfigurationList;
			buildConfigurations = (
				F34B7E1C1D943BCD0009520D /* Debug */,
				F34B7E1D1D943BCD0009520D /* Release */,
			);
			defaultConfigurationIsVisible = 0;
			defaultConfigurationName = Release;
		};
/* End XCConfigurationList section */
	};
	rootObject = F34B7E011D943BCD0009520D /* Project object */;
}
